<?xml version="1.0" encoding="utf-8"?>
<Project ToolsVersion="4.0" xmlns="http://schemas.microsoft.com/developer/msbuild/2003">
  <ItemGroup>
    <ClCompile Include="app\Game.cpp" />
    <ClCompile Include="app\main.cpp" />
    <ClCompile Include="app\Player.cpp" />
    <ClCompile Include="world\World.cpp" />
  </ItemGroup>
  <ItemGroup>
    <ClInclude Include="app\Game.h" />
    <ClInclude Include="app\Player.h" />
    <ClInclude Include="world\SeedBasedRandom.h" />
    <ClInclude Include="world\World.h" />
    <ClInclude Include="config.h" />
  </ItemGroup>
  <ItemGroup>
    <None Include="fragment.glsl" />
    <None Include="vertex.glsl.old" />
    <None Include="vertex.glsl" />
  </ItemGroup>
</Project>